
Microsoft Visual Studio Solution File, Format Version 12.00
# Visual Studio Version 16
VisualStudioVersion = 16.0.30711.63
MinimumVisualStudioVersion = 10.0.40219.1
Project("{FAE04EC0-301F-11D3-BF4B-00C04F79EFBC}") = "DVa_RoR2_Mod", "DVa_RoR2_Mod.csproj", "{84F886D9-D1EF-4811-B338-28A7C767C3CF}"
EndProject
Global
	GlobalSection(SolutionConfigurationPlatforms) = preSolution
		Debug|Any CPU = Debug|Any CPU
		Release|Any CPU = Release|Any CPU
	EndGlobalSection
	GlobalSection(ProjectConfigurationPlatforms) = postSolution
		{84F886D9-D1EF-4811-B338-28A7C767C3CF}.Debug|Any CPU.ActiveCfg = Debug|Any CPU
		{84F886D9-D1EF-4811-B338-28A7C767C3CF}.Debug|Any CPU.Build.0 = Debug|Any CPU
		{84F886D9-D1EF-4811-B338-28A7C767C3CF}.Release|Any CPU.ActiveCfg = Release|Any CPU
		{84F886D9-D1EF-4811-B338-28A7C767C3CF}.Release|Any CPU.Build.0 = Release|Any CPU
	EndGlobalSection
	GlobalSection(SolutionProperties) = preSolution
		HideSolutionNode = FALSE
	EndGlobalSection
	GlobalSection(ExtensibilityGlobals) = postSolution
		SolutionGuid = {7DEC53D3-4F47-426A-ABFC-E7DF56F42A8F}
	EndGlobalSection
EndGlobal
